
Microsoft Visual Studio Solution File, Format Version 12.00
# Visual Studio 15
VisualStudioVersion = 15.0.26730.12
MinimumVisualStudioVersion = 10.0.40219.1
Project("{FAE04EC0-301F-11D3-BF4B-00C04F79EFBC}") = "OsmaniaUniversityAttendance", "OsmaniaUniversityAttendance\OsmaniaUniversityAttendance.csproj", "{F8B6416F-8625-4DB8-A9E3-D0130C4B9249}"
EndProject
Global
	GlobalSection(SolutionConfigurationPlatforms) = preSolution
		Debug|Any CPU = Debug|Any CPU
		Release|Any CPU = Release|Any CPU
	EndGlobalSection
	GlobalSection(ProjectConfigurationPlatforms) = postSolution
		{F8B6416F-8625-4DB8-A9E3-D0130C4B9249}.Debug|Any CPU.ActiveCfg = Debug|Any CPU
		{F8B6416F-8625-4DB8-A9E3-D0130C4B9249}.Debug|Any CPU.Build.0 = Debug|Any CPU
		{F8B6416F-8625-4DB8-A9E3-D0130C4B9249}.Release|Any CPU.ActiveCfg = Release|Any CPU
		{F8B6416F-8625-4DB8-A9E3-D0130C4B9249}.Release|Any CPU.Build.0 = Release|Any CPU
	EndGlobalSection
	GlobalSection(SolutionProperties) = preSolution
		HideSolutionNode = FALSE
	EndGlobalSection
	GlobalSection(ExtensibilityGlobals) = postSolution
		SolutionGuid = {C7F82DBC-E3D0-4CCA-A6FE-C28B409BE8EE}
	EndGlobalSection
EndGlobal
